schema: '2.0'
stages:
  _check-env-main:
    cmd: calkit check environment --name main
    deps:
    - path: Project.toml
      hash: md5
      md5: e916c4cecc38f45280605529a99bcae6
      size: 105
    outs:
    - path: Manifest.toml
      hash: md5
      md5: 969cbb68401041de738b6ec12481dbfe
      size: 44856
  run-script:
    cmd: calkit xenv -n main --no-check -- "include(\"scripts/main.jl\")"
    deps:
    - path: Manifest.toml
      hash: md5
      md5: 969cbb68401041de738b6ec12481dbfe
      size: 44856
    - path: scripts/main.jl
      hash: md5
      md5: f157952fd8fe9bc523d78e27727a4b35
      size: 1098
    outs:
    - path: figures/circle-flow.png
      hash: md5
      md5: 855f98b203cd4cb3ca9d95cb9ba7b451
      size: 48938
    - path: figures/circle-forces.png
      hash: md5
      md5: 34237fe799120c92c6f61ae0a67c1015
      size: 32947
