schema: '2.0'
stages:
  _check-env-main:
    cmd: calkit check environment --name main
    deps:
    - path: Project.toml
      hash: md5
      md5: d41e623ffcc9c98b51f5a25361fa912d
      size: 153
    outs:
    - path: Manifest.toml
      hash: md5
      md5: 8a058c34bcadc2cafeed5f0a04d72cc3
      size: 45917
  run-script:
    cmd: calkit xenv -n main --no-check -- "scripts/main.jl"
    deps:
    - path: Manifest.toml
      hash: md5
      md5: 8a058c34bcadc2cafeed5f0a04d72cc3
      size: 45917
    - path: scripts/main.jl
      hash: md5
      md5: f157952fd8fe9bc523d78e27727a4b35
      size: 1098
    outs:
    - path: figures/circle-flow.png
      hash: md5
      md5: 855f98b203cd4cb3ca9d95cb9ba7b451
      size: 48938
    - path: figures/circle-forces.png
      hash: md5
      md5: 34237fe799120c92c6f61ae0a67c1015
      size: 32947
  _check-env-tex:
    cmd: calkit check environment --name tex
    outs:
    - path: .calkit/env-locks/tex
      hash: md5
      md5: bd3196d75baca1a8baef14ff75297497.dir
      size: 1171
      nfiles: 1
  build-paper:
    cmd: calkit latex build -e tex --no-check pubs/conf-paper-1/paper.tex
    deps:
    - path: .calkit/env-locks/tex
      hash: md5
      md5: 0d4f5124a2106f823bc96d6c87a324d8.dir
      size: 1147
      nfiles: 1
    - path: figures/circle-flow.png
      hash: md5
      md5: 855f98b203cd4cb3ca9d95cb9ba7b451
      size: 48938
    - path: figures/circle-forces.png
      hash: md5
      md5: 34237fe799120c92c6f61ae0a67c1015
      size: 32947
    - path: pubs/conf-paper-1/paper.tex
      hash: md5
      md5: 6e6c332a6c73fd0403f9f6569164daad
      size: 634
    outs:
    - path: pubs/conf-paper-1/paper.pdf
      hash: md5
      md5: 67cd0cd25781494f121dc6eaffa763fd
      size: 115154
  _clean-nb-run-notebook:
    cmd: calkit nb clean "notebooks/main.ipynb"
    deps:
    - path: notebooks/main.ipynb
      hash: md5
      md5: 366802d42602773ba52ca5f691a5201c
      size: 1920
    outs:
    - path: .calkit/notebooks/cleaned/notebooks/main.ipynb
      hash: md5
      md5: 366802d42602773ba52ca5f691a5201c
      size: 1920
  run-notebook:
    cmd: calkit nb execute --environment main --no-check --language python --to 
      html "notebooks/main.ipynb"
    deps:
    - path: .calkit/notebooks/cleaned/notebooks/main.ipynb
      hash: md5
      md5: 1b9883694cb90fedd15c97d784a668a7
      size: 1863
    - path: Manifest.toml
      hash: md5
      md5: 8a058c34bcadc2cafeed5f0a04d72cc3
      size: 45917
    outs:
    - path: .calkit/notebooks/executed/notebooks/main.ipynb
      hash: md5
      md5: 8aa0b732e4269821dac1a2b23f1ff7b9
      size: 476848
    - path: .calkit/notebooks/html/notebooks/main.html
      hash: md5
      md5: f6dd7bf259a8c06a209b046c6229a083
      size: 388196
